
Microsoft Visual Studio Solution File, Format Version 12.00
# Visual Studio Version 16
VisualStudioVersion = 16.0.30523.141
MinimumVisualStudioVersion = 10.0.40219.1
Project("{FAE04EC0-301F-11D3-BF4B-00C04F79EFBC}") = "labrab4", "labrab4.csproj", "{BB238C40-521F-449A-BA4F-BB1106136E03}"
EndProject
Global
	GlobalSection(SolutionConfigurationPlatforms) = preSolution
		Debug|Any CPU = Debug|Any CPU
		Release|Any CPU = Release|Any CPU
	EndGlobalSection
	GlobalSection(ProjectConfigurationPlatforms) = postSolution
		{BB238C40-521F-449A-BA4F-BB1106136E03}.Debug|Any CPU.ActiveCfg = Debug|Any CPU
		{BB238C40-521F-449A-BA4F-BB1106136E03}.Debug|Any CPU.Build.0 = Debug|Any CPU
		{BB238C40-521F-449A-BA4F-BB1106136E03}.Release|Any CPU.ActiveCfg = Release|Any CPU
		{BB238C40-521F-449A-BA4F-BB1106136E03}.Release|Any CPU.Build.0 = Release|Any CPU
	EndGlobalSection
	GlobalSection(SolutionProperties) = preSolution
		HideSolutionNode = FALSE
	EndGlobalSection
	GlobalSection(ExtensibilityGlobals) = postSolution
		SolutionGuid = {AC37D277-FE96-4299-9808-A303EB464B71}
	EndGlobalSection
EndGlobal
